
Microsoft Visual Studio Solution File, Format Version 12.00
# Visual Studio Version 16
VisualStudioVersion = 16.0.29613.14
MinimumVisualStudioVersion = 10.0.40219.1
Project("{FAE04EC0-301F-11D3-BF4B-00C04F79EFBC}") = "SunTimes1", "SunTimes1\SunTimes1.csproj", "{C87D3B59-3BCD-4667-807C-40CC1C8E0452}"
EndProject
Project("{FAE04EC0-301F-11D3-BF4B-00C04F79EFBC}") = "SunTimes2", "SunTimes2\SunTimes2.csproj", "{D7B49489-2DEA-44E1-86A0-CF6FD895DE6B}"
EndProject
Project("{FAE04EC0-301F-11D3-BF4B-00C04F79EFBC}") = "Graph1", "Graph1\Graph1.csproj", "{0EBDBBF8-C299-478A-BF95-59C89C68873D}"
EndProject
Project("{FAE04EC0-301F-11D3-BF4B-00C04F79EFBC}") = "ToolBarTray1", "ToolBarTray1\ToolBarTray1.csproj", "{CD564FBC-C089-42EB-8B15-899ACAE1C3C2}"
EndProject
Project("{FAE04EC0-301F-11D3-BF4B-00C04F79EFBC}") = "KNMI-ImportExperiment", "KNMI-ImportExperiment\KNMI-ImportExperiment.csproj", "{FF2A26CE-6361-49B2-8D51-494FF5B4E876}"
EndProject
Project("{FAE04EC0-301F-11D3-BF4B-00C04F79EFBC}") = "ApplicationInfo", "ApplicationInfo\ApplicationInfo.csproj", "{1A6E2FDA-265E-421E-8BBC-A2892047DE18}"
EndProject
Project("{FAE04EC0-301F-11D3-BF4B-00C04F79EFBC}") = "DateTime1", "DateTime1\DateTime1.csproj", "{6E20D347-4C9A-4BA8-A3FB-BB0CB5833824}"
EndProject
Project("{FAE04EC0-301F-11D3-BF4B-00C04F79EFBC}") = "ComboBox1", "ComboBox1\ComboBox1.csproj", "{BF625600-3E1C-4FF0-AE69-69103A4D50FD}"
EndProject
Project("{FAE04EC0-301F-11D3-BF4B-00C04F79EFBC}") = "About1", "About1\About1.csproj", "{6CE6AF47-DA4C-4913-9605-05BB51B6A0A5}"
EndProject
Project("{FAE04EC0-301F-11D3-BF4B-00C04F79EFBC}") = "Timer1", "Timer1\Timer1.csproj", "{F76E6033-053F-4200-AFC4-2A285207FE5B}"
EndProject
Project("{FAE04EC0-301F-11D3-BF4B-00C04F79EFBC}") = "Timer2", "Timer2\Timer2.csproj", "{AC3237C4-B3EF-4576-B070-F6D24FD0312F}"
EndProject
Project("{FAE04EC0-301F-11D3-BF4B-00C04F79EFBC}") = "ExtraPathExtension", "ExtraPathExtension\ExtraPathExtension.csproj", "{2B987980-7773-401E-95FA-F46134E07F1A}"
EndProject
Project("{FAE04EC0-301F-11D3-BF4B-00C04F79EFBC}") = "DevProjects", "DevProjects\DevProjects.csproj", "{C2EC90ED-8DFE-42B6-8A77-AFAF11CB0DA0}"
EndProject
Project("{FAE04EC0-301F-11D3-BF4B-00C04F79EFBC}") = "Track Projects", "Track Projects\Track Projects.csproj", "{A1D8E390-B363-4A30-9858-CD508338AE01}"
EndProject
Project("{FAE04EC0-301F-11D3-BF4B-00C04F79EFBC}") = "ToDone", "ToDone\ToDone.csproj", "{52B07F83-37DB-4F2A-AF0F-2AF98A1D4192}"
EndProject
Project("{FAE04EC0-301F-11D3-BF4B-00C04F79EFBC}") = "Graph2", "Graph2\Graph2.csproj", "{54965440-BB15-4AB5-AE99-96233E8A15AB}"
EndProject
Project("{FAE04EC0-301F-11D3-BF4B-00C04F79EFBC}") = "MasterDetails1", "MasterDetails1\MasterDetails1.csproj", "{3E90A5EF-1635-4A8A-B6A2-A87313DA0078}"
EndProject
Project("{FAE04EC0-301F-11D3-BF4B-00C04F79EFBC}") = "Events", "Events\Events.csproj", "{B75420DF-86DA-46DF-B6E1-A7794EE15C7F}"
EndProject
Project("{FAE04EC0-301F-11D3-BF4B-00C04F79EFBC}") = "TodaysWeather", "TodaysWeather\TodaysWeather.csproj", "{E784BA1A-EAE4-42F1-B912-75F2A9F1EF63}"
EndProject
Project("{FAE04EC0-301F-11D3-BF4B-00C04F79EFBC}") = "Graph3", "Graph3\Graph3.csproj", "{47EE5FA8-1F80-4C2C-BE99-C50DF42774A1}"
EndProject
Project("{FAE04EC0-301F-11D3-BF4B-00C04F79EFBC}") = "Directory1", "Directory1\Directory1.csproj", "{4336F5C2-D90F-48C5-9DEC-0D4C67717463}"
EndProject
Project("{FAE04EC0-301F-11D3-BF4B-00C04F79EFBC}") = "Graph4", "Graph4\Graph4.csproj", "{BBAB1703-C7D8-48BA-87BA-3416606EC8BA}"
EndProject
Global
	GlobalSection(SolutionConfigurationPlatforms) = preSolution
		Debug|Any CPU = Debug|Any CPU
		Release|Any CPU = Release|Any CPU
	EndGlobalSection
	GlobalSection(ProjectConfigurationPlatforms) = postSolution
		{C87D3B59-3BCD-4667-807C-40CC1C8E0452}.Debug|Any CPU.ActiveCfg = Debug|Any CPU
		{C87D3B59-3BCD-4667-807C-40CC1C8E0452}.Debug|Any CPU.Build.0 = Debug|Any CPU
		{C87D3B59-3BCD-4667-807C-40CC1C8E0452}.Release|Any CPU.ActiveCfg = Release|Any CPU
		{C87D3B59-3BCD-4667-807C-40CC1C8E0452}.Release|Any CPU.Build.0 = Release|Any CPU
		{D7B49489-2DEA-44E1-86A0-CF6FD895DE6B}.Debug|Any CPU.ActiveCfg = Debug|Any CPU
		{D7B49489-2DEA-44E1-86A0-CF6FD895DE6B}.Debug|Any CPU.Build.0 = Debug|Any CPU
		{D7B49489-2DEA-44E1-86A0-CF6FD895DE6B}.Release|Any CPU.ActiveCfg = Release|Any CPU
		{D7B49489-2DEA-44E1-86A0-CF6FD895DE6B}.Release|Any CPU.Build.0 = Release|Any CPU
		{0EBDBBF8-C299-478A-BF95-59C89C68873D}.Debug|Any CPU.ActiveCfg = Debug|Any CPU
		{0EBDBBF8-C299-478A-BF95-59C89C68873D}.Debug|Any CPU.Build.0 = Debug|Any CPU
		{0EBDBBF8-C299-478A-BF95-59C89C68873D}.Release|Any CPU.ActiveCfg = Release|Any CPU
		{0EBDBBF8-C299-478A-BF95-59C89C68873D}.Release|Any CPU.Build.0 = Release|Any CPU
		{CD564FBC-C089-42EB-8B15-899ACAE1C3C2}.Debug|Any CPU.ActiveCfg = Debug|Any CPU
		{CD564FBC-C089-42EB-8B15-899ACAE1C3C2}.Debug|Any CPU.Build.0 = Debug|Any CPU
		{CD564FBC-C089-42EB-8B15-899ACAE1C3C2}.Release|Any CPU.ActiveCfg = Release|Any CPU
		{CD564FBC-C089-42EB-8B15-899ACAE1C3C2}.Release|Any CPU.Build.0 = Release|Any CPU
		{FF2A26CE-6361-49B2-8D51-494FF5B4E876}.Debug|Any CPU.ActiveCfg = Debug|Any CPU
		{FF2A26CE-6361-49B2-8D51-494FF5B4E876}.Debug|Any CPU.Build.0 = Debug|Any CPU
		{FF2A26CE-6361-49B2-8D51-494FF5B4E876}.Release|Any CPU.ActiveCfg = Release|Any CPU
		{FF2A26CE-6361-49B2-8D51-494FF5B4E876}.Release|Any CPU.Build.0 = Release|Any CPU
		{1A6E2FDA-265E-421E-8BBC-A2892047DE18}.Debug|Any CPU.ActiveCfg = Debug|Any CPU
		{1A6E2FDA-265E-421E-8BBC-A2892047DE18}.Debug|Any CPU.Build.0 = Debug|Any CPU
		{1A6E2FDA-265E-421E-8BBC-A2892047DE18}.Release|Any CPU.ActiveCfg = Release|Any CPU
		{1A6E2FDA-265E-421E-8BBC-A2892047DE18}.Release|Any CPU.Build.0 = Release|Any CPU
		{6E20D347-4C9A-4BA8-A3FB-BB0CB5833824}.Debug|Any CPU.ActiveCfg = Debug|Any CPU
		{6E20D347-4C9A-4BA8-A3FB-BB0CB5833824}.Debug|Any CPU.Build.0 = Debug|Any CPU
		{6E20D347-4C9A-4BA8-A3FB-BB0CB5833824}.Release|Any CPU.ActiveCfg = Release|Any CPU
		{6E20D347-4C9A-4BA8-A3FB-BB0CB5833824}.Release|Any CPU.Build.0 = Release|Any CPU
		{BF625600-3E1C-4FF0-AE69-69103A4D50FD}.Debug|Any CPU.ActiveCfg = Debug|Any CPU
		{BF625600-3E1C-4FF0-AE69-69103A4D50FD}.Debug|Any CPU.Build.0 = Debug|Any CPU
		{BF625600-3E1C-4FF0-AE69-69103A4D50FD}.Release|Any CPU.ActiveCfg = Release|Any CPU
		{BF625600-3E1C-4FF0-AE69-69103A4D50FD}.Release|Any CPU.Build.0 = Release|Any CPU
		{6CE6AF47-DA4C-4913-9605-05BB51B6A0A5}.Debug|Any CPU.ActiveCfg = Debug|Any CPU
		{6CE6AF47-DA4C-4913-9605-05BB51B6A0A5}.Debug|Any CPU.Build.0 = Debug|Any CPU
		{6CE6AF47-DA4C-4913-9605-05BB51B6A0A5}.Release|Any CPU.ActiveCfg = Release|Any CPU
		{6CE6AF47-DA4C-4913-9605-05BB51B6A0A5}.Release|Any CPU.Build.0 = Release|Any CPU
		{F76E6033-053F-4200-AFC4-2A285207FE5B}.Debug|Any CPU.ActiveCfg = Debug|Any CPU
		{F76E6033-053F-4200-AFC4-2A285207FE5B}.Debug|Any CPU.Build.0 = Debug|Any CPU
		{F76E6033-053F-4200-AFC4-2A285207FE5B}.Release|Any CPU.ActiveCfg = Release|Any CPU
		{F76E6033-053F-4200-AFC4-2A285207FE5B}.Release|Any CPU.Build.0 = Release|Any CPU
		{AC3237C4-B3EF-4576-B070-F6D24FD0312F}.Debug|Any CPU.ActiveCfg = Debug|Any CPU
		{AC3237C4-B3EF-4576-B070-F6D24FD0312F}.Debug|Any CPU.Build.0 = Debug|Any CPU
		{AC3237C4-B3EF-4576-B070-F6D24FD0312F}.Release|Any CPU.ActiveCfg = Release|Any CPU
		{AC3237C4-B3EF-4576-B070-F6D24FD0312F}.Release|Any CPU.Build.0 = Release|Any CPU
		{2B987980-7773-401E-95FA-F46134E07F1A}.Debug|Any CPU.ActiveCfg = Debug|Any CPU
		{2B987980-7773-401E-95FA-F46134E07F1A}.Debug|Any CPU.Build.0 = Debug|Any CPU
		{2B987980-7773-401E-95FA-F46134E07F1A}.Release|Any CPU.ActiveCfg = Release|Any CPU
		{2B987980-7773-401E-95FA-F46134E07F1A}.Release|Any CPU.Build.0 = Release|Any CPU
		{C2EC90ED-8DFE-42B6-8A77-AFAF11CB0DA0}.Debug|Any CPU.ActiveCfg = Debug|Any CPU
		{C2EC90ED-8DFE-42B6-8A77-AFAF11CB0DA0}.Debug|Any CPU.Build.0 = Debug|Any CPU
		{C2EC90ED-8DFE-42B6-8A77-AFAF11CB0DA0}.Release|Any CPU.ActiveCfg = Release|Any CPU
		{C2EC90ED-8DFE-42B6-8A77-AFAF11CB0DA0}.Release|Any CPU.Build.0 = Release|Any CPU
		{A1D8E390-B363-4A30-9858-CD508338AE01}.Debug|Any CPU.ActiveCfg = Debug|Any CPU
		{A1D8E390-B363-4A30-9858-CD508338AE01}.Debug|Any CPU.Build.0 = Debug|Any CPU
		{A1D8E390-B363-4A30-9858-CD508338AE01}.Release|Any CPU.ActiveCfg = Release|Any CPU
		{A1D8E390-B363-4A30-9858-CD508338AE01}.Release|Any CPU.Build.0 = Release|Any CPU
		{52B07F83-37DB-4F2A-AF0F-2AF98A1D4192}.Debug|Any CPU.ActiveCfg = Debug|Any CPU
		{52B07F83-37DB-4F2A-AF0F-2AF98A1D4192}.Debug|Any CPU.Build.0 = Debug|Any CPU
		{52B07F83-37DB-4F2A-AF0F-2AF98A1D4192}.Release|Any CPU.ActiveCfg = Release|Any CPU
		{52B07F83-37DB-4F2A-AF0F-2AF98A1D4192}.Release|Any CPU.Build.0 = Release|Any CPU
		{54965440-BB15-4AB5-AE99-96233E8A15AB}.Debug|Any CPU.ActiveCfg = Debug|Any CPU
		{54965440-BB15-4AB5-AE99-96233E8A15AB}.Debug|Any CPU.Build.0 = Debug|Any CPU
		{54965440-BB15-4AB5-AE99-96233E8A15AB}.Release|Any CPU.ActiveCfg = Release|Any CPU
		{54965440-BB15-4AB5-AE99-96233E8A15AB}.Release|Any CPU.Build.0 = Release|Any CPU
		{3E90A5EF-1635-4A8A-B6A2-A87313DA0078}.Debug|Any CPU.ActiveCfg = Debug|Any CPU
		{3E90A5EF-1635-4A8A-B6A2-A87313DA0078}.Debug|Any CPU.Build.0 = Debug|Any CPU
		{3E90A5EF-1635-4A8A-B6A2-A87313DA0078}.Release|Any CPU.ActiveCfg = Release|Any CPU
		{3E90A5EF-1635-4A8A-B6A2-A87313DA0078}.Release|Any CPU.Build.0 = Release|Any CPU
		{B75420DF-86DA-46DF-B6E1-A7794EE15C7F}.Debug|Any CPU.ActiveCfg = Debug|Any CPU
		{B75420DF-86DA-46DF-B6E1-A7794EE15C7F}.Debug|Any CPU.Build.0 = Debug|Any CPU
		{B75420DF-86DA-46DF-B6E1-A7794EE15C7F}.Release|Any CPU.ActiveCfg = Release|Any CPU
		{B75420DF-86DA-46DF-B6E1-A7794EE15C7F}.Release|Any CPU.Build.0 = Release|Any CPU
		{E784BA1A-EAE4-42F1-B912-75F2A9F1EF63}.Debug|Any CPU.ActiveCfg = Debug|Any CPU
		{E784BA1A-EAE4-42F1-B912-75F2A9F1EF63}.Debug|Any CPU.Build.0 = Debug|Any CPU
		{E784BA1A-EAE4-42F1-B912-75F2A9F1EF63}.Release|Any CPU.ActiveCfg = Release|Any CPU
		{E784BA1A-EAE4-42F1-B912-75F2A9F1EF63}.Release|Any CPU.Build.0 = Release|Any CPU
		{47EE5FA8-1F80-4C2C-BE99-C50DF42774A1}.Debug|Any CPU.ActiveCfg = Debug|Any CPU
		{47EE5FA8-1F80-4C2C-BE99-C50DF42774A1}.Debug|Any CPU.Build.0 = Debug|Any CPU
		{47EE5FA8-1F80-4C2C-BE99-C50DF42774A1}.Release|Any CPU.ActiveCfg = Release|Any CPU
		{47EE5FA8-1F80-4C2C-BE99-C50DF42774A1}.Release|Any CPU.Build.0 = Release|Any CPU
		{4336F5C2-D90F-48C5-9DEC-0D4C67717463}.Debug|Any CPU.ActiveCfg = Debug|Any CPU
		{4336F5C2-D90F-48C5-9DEC-0D4C67717463}.Debug|Any CPU.Build.0 = Debug|Any CPU
		{4336F5C2-D90F-48C5-9DEC-0D4C67717463}.Release|Any CPU.ActiveCfg = Release|Any CPU
		{4336F5C2-D90F-48C5-9DEC-0D4C67717463}.Release|Any CPU.Build.0 = Release|Any CPU
		{BBAB1703-C7D8-48BA-87BA-3416606EC8BA}.Debug|Any CPU.ActiveCfg = Debug|Any CPU
		{BBAB1703-C7D8-48BA-87BA-3416606EC8BA}.Debug|Any CPU.Build.0 = Debug|Any CPU
		{BBAB1703-C7D8-48BA-87BA-3416606EC8BA}.Release|Any CPU.ActiveCfg = Release|Any CPU
		{BBAB1703-C7D8-48BA-87BA-3416606EC8BA}.Release|Any CPU.Build.0 = Release|Any CPU
	EndGlobalSection
	GlobalSection(SolutionProperties) = preSolution
		HideSolutionNode = FALSE
	EndGlobalSection
	GlobalSection(ExtensibilityGlobals) = postSolution
		SolutionGuid = {E49A5005-6AD8-427F-A53D-2768C976F88E}
	EndGlobalSection
EndGlobal
