
Microsoft Visual Studio Solution File, Format Version 12.00
# Visual Studio Version 16
VisualStudioVersion = 16.0.29613.14
MinimumVisualStudioVersion = 10.0.40219.1
Project("{FAE04EC0-301F-11D3-BF4B-00C04F79EFBC}") = "ToolBarTray1", "ToolBarTray1\ToolBarTray1.csproj", "{CD564FBC-C089-42EB-8B15-899ACAE1C3C2}"
EndProject
Project("{FAE04EC0-301F-11D3-BF4B-00C04F79EFBC}") = "ApplicationInfo", "ApplicationInfo\ApplicationInfo.csproj", "{1A6E2FDA-265E-421E-8BBC-A2892047DE18}"
EndProject
Project("{FAE04EC0-301F-11D3-BF4B-00C04F79EFBC}") = "DateTime1", "DateTime1\DateTime1.csproj", "{6E20D347-4C9A-4BA8-A3FB-BB0CB5833824}"
EndProject
Project("{FAE04EC0-301F-11D3-BF4B-00C04F79EFBC}") = "ComboBox1", "ComboBox1\ComboBox1.csproj", "{BF625600-3E1C-4FF0-AE69-69103A4D50FD}"
EndProject
Project("{FAE04EC0-301F-11D3-BF4B-00C04F79EFBC}") = "About1", "About1\About1.csproj", "{6CE6AF47-DA4C-4913-9605-05BB51B6A0A5}"
EndProject
Project("{FAE04EC0-301F-11D3-BF4B-00C04F79EFBC}") = "Timer1", "Timer1\Timer1.csproj", "{F76E6033-053F-4200-AFC4-2A285207FE5B}"
EndProject
Project("{FAE04EC0-301F-11D3-BF4B-00C04F79EFBC}") = "Events", "Events\Events.csproj", "{B75420DF-86DA-46DF-B6E1-A7794EE15C7F}"
EndProject
Project("{FAE04EC0-301F-11D3-BF4B-00C04F79EFBC}") = "TodaysWeather", "TodaysWeather\TodaysWeather.csproj", "{E784BA1A-EAE4-42F1-B912-75F2A9F1EF63}"
EndProject
Project("{FAE04EC0-301F-11D3-BF4B-00C04F79EFBC}") = "Graph3", "Graph3\Graph3.csproj", "{47EE5FA8-1F80-4C2C-BE99-C50DF42774A1}"
EndProject
Project("{FAE04EC0-301F-11D3-BF4B-00C04F79EFBC}") = "Directory1", "Directory1\Directory1.csproj", "{4336F5C2-D90F-48C5-9DEC-0D4C67717463}"
EndProject
Project("{FAE04EC0-301F-11D3-BF4B-00C04F79EFBC}") = "Graph4", "Graph4\Graph4.csproj", "{BBAB1703-C7D8-48BA-87BA-3416606EC8BA}"
EndProject
Project("{FAE04EC0-301F-11D3-BF4B-00C04F79EFBC}") = "Blog", "Blog\Blog.csproj", "{46484C1D-B72D-4838-9264-D5BA334B53CB}"
EndProject
Project("{FAE04EC0-301F-11D3-BF4B-00C04F79EFBC}") = "Easter", "Easter\Easter.csproj", "{9B392F92-5539-4813-A30F-FB8518F84806}"
EndProject
Project("{FAE04EC0-301F-11D3-BF4B-00C04F79EFBC}") = "CompleteTally", "CompleteTally\CompleteTally.csproj", "{A7B858D6-C8EE-45C1-8A40-ADA5D85C54A2}"
EndProject
Project("{FAE04EC0-301F-11D3-BF4B-00C04F79EFBC}") = "OnPowerChange1", "OnPowerChange1\OnPowerChange1.csproj", "{79B11C00-746F-4A81-BE3C-309A1DEEBBC6}"
EndProject
Project("{FAE04EC0-301F-11D3-BF4B-00C04F79EFBC}") = "Mail1", "Mail1\Mail1.csproj", "{98393822-0DBB-4A6E-8288-4EC74FF2C325}"
EndProject
Project("{FAE04EC0-301F-11D3-BF4B-00C04F79EFBC}") = "Labyrint1", "Labyrint1\Labyrint1.csproj", "{DC17287A-60A6-429B-9D05-6731D5A52CD0}"
EndProject
Project("{FAE04EC0-301F-11D3-BF4B-00C04F79EFBC}") = "TranslateIP", "TranslateIP\TranslateIP.csproj", "{1C50259C-F6A7-49CC-AADB-AE43DAFF434A}"
EndProject
Project("{FAE04EC0-301F-11D3-BF4B-00C04F79EFBC}") = "SingleWindow1", "SingleWindow1\SingleWindow1.csproj", "{FE0365F0-EBD2-4446-97D3-129AC7AD0282}"
EndProject
Project("{FAE04EC0-301F-11D3-BF4B-00C04F79EFBC}") = "Switch1", "Switch1\Switch1.csproj", "{067AD21E-15B8-4BB0-A2CC-D02E0DDBDF6E}"
EndProject
Project("{FAE04EC0-301F-11D3-BF4B-00C04F79EFBC}") = "TimeTalkingClock", "TimeTalkingClock\TimeTalkingClock.csproj", "{0EBF73F9-BBBD-4E36-A9C8-F39309D1AB29}"
EndProject
Project("{FAE04EC0-301F-11D3-BF4B-00C04F79EFBC}") = "Timer2", "Timer2\Timer2.csproj", "{23D729FD-F603-4056-A5D8-057B3865497B}"
EndProject
Project("{FAE04EC0-301F-11D3-BF4B-00C04F79EFBC}") = "DevLog", "DevLog\DevLog.csproj", "{1933C878-62EB-4504-8829-A4D015037EB6}"
EndProject
Project("{FAE04EC0-301F-11D3-BF4B-00C04F79EFBC}") = "ExperimentsWithLINQ1", "ExperimentsWithLINQ1\ExperimentsWithLINQ1.csproj", "{F63FCCC5-6B3B-4BD0-836D-751D11E39F88}"
EndProject
Global
	GlobalSection(SolutionConfigurationPlatforms) = preSolution
		Debug|Any CPU = Debug|Any CPU
		Release|Any CPU = Release|Any CPU
	EndGlobalSection
	GlobalSection(ProjectConfigurationPlatforms) = postSolution
		{CD564FBC-C089-42EB-8B15-899ACAE1C3C2}.Debug|Any CPU.ActiveCfg = Debug|Any CPU
		{CD564FBC-C089-42EB-8B15-899ACAE1C3C2}.Debug|Any CPU.Build.0 = Debug|Any CPU
		{CD564FBC-C089-42EB-8B15-899ACAE1C3C2}.Release|Any CPU.ActiveCfg = Release|Any CPU
		{CD564FBC-C089-42EB-8B15-899ACAE1C3C2}.Release|Any CPU.Build.0 = Release|Any CPU
		{1A6E2FDA-265E-421E-8BBC-A2892047DE18}.Debug|Any CPU.ActiveCfg = Debug|Any CPU
		{1A6E2FDA-265E-421E-8BBC-A2892047DE18}.Debug|Any CPU.Build.0 = Debug|Any CPU
		{1A6E2FDA-265E-421E-8BBC-A2892047DE18}.Release|Any CPU.ActiveCfg = Release|Any CPU
		{1A6E2FDA-265E-421E-8BBC-A2892047DE18}.Release|Any CPU.Build.0 = Release|Any CPU
		{6E20D347-4C9A-4BA8-A3FB-BB0CB5833824}.Debug|Any CPU.ActiveCfg = Debug|Any CPU
		{6E20D347-4C9A-4BA8-A3FB-BB0CB5833824}.Debug|Any CPU.Build.0 = Debug|Any CPU
		{6E20D347-4C9A-4BA8-A3FB-BB0CB5833824}.Release|Any CPU.ActiveCfg = Release|Any CPU
		{6E20D347-4C9A-4BA8-A3FB-BB0CB5833824}.Release|Any CPU.Build.0 = Release|Any CPU
		{BF625600-3E1C-4FF0-AE69-69103A4D50FD}.Debug|Any CPU.ActiveCfg = Debug|Any CPU
		{BF625600-3E1C-4FF0-AE69-69103A4D50FD}.Debug|Any CPU.Build.0 = Debug|Any CPU
		{BF625600-3E1C-4FF0-AE69-69103A4D50FD}.Release|Any CPU.ActiveCfg = Release|Any CPU
		{BF625600-3E1C-4FF0-AE69-69103A4D50FD}.Release|Any CPU.Build.0 = Release|Any CPU
		{6CE6AF47-DA4C-4913-9605-05BB51B6A0A5}.Debug|Any CPU.ActiveCfg = Debug|Any CPU
		{6CE6AF47-DA4C-4913-9605-05BB51B6A0A5}.Debug|Any CPU.Build.0 = Debug|Any CPU
		{6CE6AF47-DA4C-4913-9605-05BB51B6A0A5}.Release|Any CPU.ActiveCfg = Release|Any CPU
		{6CE6AF47-DA4C-4913-9605-05BB51B6A0A5}.Release|Any CPU.Build.0 = Release|Any CPU
		{F76E6033-053F-4200-AFC4-2A285207FE5B}.Debug|Any CPU.ActiveCfg = Debug|Any CPU
		{F76E6033-053F-4200-AFC4-2A285207FE5B}.Debug|Any CPU.Build.0 = Debug|Any CPU
		{F76E6033-053F-4200-AFC4-2A285207FE5B}.Release|Any CPU.ActiveCfg = Release|Any CPU
		{F76E6033-053F-4200-AFC4-2A285207FE5B}.Release|Any CPU.Build.0 = Release|Any CPU
		{B75420DF-86DA-46DF-B6E1-A7794EE15C7F}.Debug|Any CPU.ActiveCfg = Debug|Any CPU
		{B75420DF-86DA-46DF-B6E1-A7794EE15C7F}.Debug|Any CPU.Build.0 = Debug|Any CPU
		{B75420DF-86DA-46DF-B6E1-A7794EE15C7F}.Release|Any CPU.ActiveCfg = Release|Any CPU
		{B75420DF-86DA-46DF-B6E1-A7794EE15C7F}.Release|Any CPU.Build.0 = Release|Any CPU
		{E784BA1A-EAE4-42F1-B912-75F2A9F1EF63}.Debug|Any CPU.ActiveCfg = Debug|Any CPU
		{E784BA1A-EAE4-42F1-B912-75F2A9F1EF63}.Debug|Any CPU.Build.0 = Debug|Any CPU
		{E784BA1A-EAE4-42F1-B912-75F2A9F1EF63}.Release|Any CPU.ActiveCfg = Release|Any CPU
		{E784BA1A-EAE4-42F1-B912-75F2A9F1EF63}.Release|Any CPU.Build.0 = Release|Any CPU
		{47EE5FA8-1F80-4C2C-BE99-C50DF42774A1}.Debug|Any CPU.ActiveCfg = Debug|Any CPU
		{47EE5FA8-1F80-4C2C-BE99-C50DF42774A1}.Debug|Any CPU.Build.0 = Debug|Any CPU
		{47EE5FA8-1F80-4C2C-BE99-C50DF42774A1}.Release|Any CPU.ActiveCfg = Release|Any CPU
		{47EE5FA8-1F80-4C2C-BE99-C50DF42774A1}.Release|Any CPU.Build.0 = Release|Any CPU
		{4336F5C2-D90F-48C5-9DEC-0D4C67717463}.Debug|Any CPU.ActiveCfg = Debug|Any CPU
		{4336F5C2-D90F-48C5-9DEC-0D4C67717463}.Debug|Any CPU.Build.0 = Debug|Any CPU
		{4336F5C2-D90F-48C5-9DEC-0D4C67717463}.Release|Any CPU.ActiveCfg = Release|Any CPU
		{4336F5C2-D90F-48C5-9DEC-0D4C67717463}.Release|Any CPU.Build.0 = Release|Any CPU
		{BBAB1703-C7D8-48BA-87BA-3416606EC8BA}.Debug|Any CPU.ActiveCfg = Debug|Any CPU
		{BBAB1703-C7D8-48BA-87BA-3416606EC8BA}.Debug|Any CPU.Build.0 = Debug|Any CPU
		{BBAB1703-C7D8-48BA-87BA-3416606EC8BA}.Release|Any CPU.ActiveCfg = Release|Any CPU
		{BBAB1703-C7D8-48BA-87BA-3416606EC8BA}.Release|Any CPU.Build.0 = Release|Any CPU
		{46484C1D-B72D-4838-9264-D5BA334B53CB}.Debug|Any CPU.ActiveCfg = Debug|Any CPU
		{46484C1D-B72D-4838-9264-D5BA334B53CB}.Debug|Any CPU.Build.0 = Debug|Any CPU
		{46484C1D-B72D-4838-9264-D5BA334B53CB}.Release|Any CPU.ActiveCfg = Release|Any CPU
		{46484C1D-B72D-4838-9264-D5BA334B53CB}.Release|Any CPU.Build.0 = Release|Any CPU
		{9B392F92-5539-4813-A30F-FB8518F84806}.Debug|Any CPU.ActiveCfg = Debug|Any CPU
		{9B392F92-5539-4813-A30F-FB8518F84806}.Debug|Any CPU.Build.0 = Debug|Any CPU
		{9B392F92-5539-4813-A30F-FB8518F84806}.Release|Any CPU.ActiveCfg = Release|Any CPU
		{9B392F92-5539-4813-A30F-FB8518F84806}.Release|Any CPU.Build.0 = Release|Any CPU
		{A7B858D6-C8EE-45C1-8A40-ADA5D85C54A2}.Debug|Any CPU.ActiveCfg = Debug|Any CPU
		{A7B858D6-C8EE-45C1-8A40-ADA5D85C54A2}.Debug|Any CPU.Build.0 = Debug|Any CPU
		{A7B858D6-C8EE-45C1-8A40-ADA5D85C54A2}.Release|Any CPU.ActiveCfg = Release|Any CPU
		{A7B858D6-C8EE-45C1-8A40-ADA5D85C54A2}.Release|Any CPU.Build.0 = Release|Any CPU
		{79B11C00-746F-4A81-BE3C-309A1DEEBBC6}.Debug|Any CPU.ActiveCfg = Debug|Any CPU
		{79B11C00-746F-4A81-BE3C-309A1DEEBBC6}.Debug|Any CPU.Build.0 = Debug|Any CPU
		{79B11C00-746F-4A81-BE3C-309A1DEEBBC6}.Release|Any CPU.ActiveCfg = Release|Any CPU
		{79B11C00-746F-4A81-BE3C-309A1DEEBBC6}.Release|Any CPU.Build.0 = Release|Any CPU
		{98393822-0DBB-4A6E-8288-4EC74FF2C325}.Debug|Any CPU.ActiveCfg = Debug|Any CPU
		{98393822-0DBB-4A6E-8288-4EC74FF2C325}.Debug|Any CPU.Build.0 = Debug|Any CPU
		{98393822-0DBB-4A6E-8288-4EC74FF2C325}.Release|Any CPU.ActiveCfg = Release|Any CPU
		{98393822-0DBB-4A6E-8288-4EC74FF2C325}.Release|Any CPU.Build.0 = Release|Any CPU
		{DC17287A-60A6-429B-9D05-6731D5A52CD0}.Debug|Any CPU.ActiveCfg = Debug|Any CPU
		{DC17287A-60A6-429B-9D05-6731D5A52CD0}.Debug|Any CPU.Build.0 = Debug|Any CPU
		{DC17287A-60A6-429B-9D05-6731D5A52CD0}.Release|Any CPU.ActiveCfg = Release|Any CPU
		{DC17287A-60A6-429B-9D05-6731D5A52CD0}.Release|Any CPU.Build.0 = Release|Any CPU
		{1C50259C-F6A7-49CC-AADB-AE43DAFF434A}.Debug|Any CPU.ActiveCfg = Debug|Any CPU
		{1C50259C-F6A7-49CC-AADB-AE43DAFF434A}.Debug|Any CPU.Build.0 = Debug|Any CPU
		{1C50259C-F6A7-49CC-AADB-AE43DAFF434A}.Release|Any CPU.ActiveCfg = Release|Any CPU
		{1C50259C-F6A7-49CC-AADB-AE43DAFF434A}.Release|Any CPU.Build.0 = Release|Any CPU
		{FE0365F0-EBD2-4446-97D3-129AC7AD0282}.Debug|Any CPU.ActiveCfg = Debug|Any CPU
		{FE0365F0-EBD2-4446-97D3-129AC7AD0282}.Debug|Any CPU.Build.0 = Debug|Any CPU
		{FE0365F0-EBD2-4446-97D3-129AC7AD0282}.Release|Any CPU.ActiveCfg = Release|Any CPU
		{FE0365F0-EBD2-4446-97D3-129AC7AD0282}.Release|Any CPU.Build.0 = Release|Any CPU
		{067AD21E-15B8-4BB0-A2CC-D02E0DDBDF6E}.Debug|Any CPU.ActiveCfg = Debug|Any CPU
		{067AD21E-15B8-4BB0-A2CC-D02E0DDBDF6E}.Debug|Any CPU.Build.0 = Debug|Any CPU
		{067AD21E-15B8-4BB0-A2CC-D02E0DDBDF6E}.Release|Any CPU.ActiveCfg = Release|Any CPU
		{067AD21E-15B8-4BB0-A2CC-D02E0DDBDF6E}.Release|Any CPU.Build.0 = Release|Any CPU
		{0EBF73F9-BBBD-4E36-A9C8-F39309D1AB29}.Debug|Any CPU.ActiveCfg = Debug|Any CPU
		{0EBF73F9-BBBD-4E36-A9C8-F39309D1AB29}.Debug|Any CPU.Build.0 = Debug|Any CPU
		{0EBF73F9-BBBD-4E36-A9C8-F39309D1AB29}.Release|Any CPU.ActiveCfg = Release|Any CPU
		{0EBF73F9-BBBD-4E36-A9C8-F39309D1AB29}.Release|Any CPU.Build.0 = Release|Any CPU
		{23D729FD-F603-4056-A5D8-057B3865497B}.Debug|Any CPU.ActiveCfg = Debug|Any CPU
		{23D729FD-F603-4056-A5D8-057B3865497B}.Debug|Any CPU.Build.0 = Debug|Any CPU
		{23D729FD-F603-4056-A5D8-057B3865497B}.Release|Any CPU.ActiveCfg = Release|Any CPU
		{23D729FD-F603-4056-A5D8-057B3865497B}.Release|Any CPU.Build.0 = Release|Any CPU
		{1933C878-62EB-4504-8829-A4D015037EB6}.Debug|Any CPU.ActiveCfg = Debug|Any CPU
		{1933C878-62EB-4504-8829-A4D015037EB6}.Debug|Any CPU.Build.0 = Debug|Any CPU
		{1933C878-62EB-4504-8829-A4D015037EB6}.Release|Any CPU.ActiveCfg = Release|Any CPU
		{1933C878-62EB-4504-8829-A4D015037EB6}.Release|Any CPU.Build.0 = Release|Any CPU
		{F63FCCC5-6B3B-4BD0-836D-751D11E39F88}.Debug|Any CPU.ActiveCfg = Debug|Any CPU
		{F63FCCC5-6B3B-4BD0-836D-751D11E39F88}.Debug|Any CPU.Build.0 = Debug|Any CPU
		{F63FCCC5-6B3B-4BD0-836D-751D11E39F88}.Release|Any CPU.ActiveCfg = Release|Any CPU
		{F63FCCC5-6B3B-4BD0-836D-751D11E39F88}.Release|Any CPU.Build.0 = Release|Any CPU
	EndGlobalSection
	GlobalSection(SolutionProperties) = preSolution
		HideSolutionNode = FALSE
	EndGlobalSection
	GlobalSection(ExtensibilityGlobals) = postSolution
		SolutionGuid = {E49A5005-6AD8-427F-A53D-2768C976F88E}
	EndGlobalSection
EndGlobal
